// !$*UTF8*$!
{
	archiveVersion = 1;
	classes = {
	};
	objectVersion = 46;
	objects = {

/* Begin PBXBuildFile section */
		3C1366BA1D9B64A300D11165 /* AppDelegate.swift in Sources */ = {isa = PBXBuildFile; fileRef = 3C1366B91D9B64A300D11165 /* AppDelegate.swift */; };
		3C1366BC1D9B64A300D11165 /* HomeViewController.swift in Sources */ = {isa = PBXBuildFile; fileRef = 3C1366BB1D9B64A300D11165 /* HomeViewController.swift */; };
		3C1366BF1D9B64A300D11165 /* Home.storyboard in Resources */ = {isa = PBXBuildFile; fileRef = 3C1366BD1D9B64A300D11165 /* Home.storyboard */; };
		3C1366C11D9B64A300D11165 /* Assets.xcassets in Resources */ = {isa = PBXBuildFile; fileRef = 3C1366C01D9B64A300D11165 /* Assets.xcassets */; };
		3C1366C41D9B64A300D11165 /* LaunchScreen.storyboard in Resources */ = {isa = PBXBuildFile; fileRef = 3C1366C21D9B64A300D11165 /* LaunchScreen.storyboard */; };
		3C5324B51DAD7AAD0012C611 /* BaseItem.swift in Sources */ = {isa = PBXBuildFile; fileRef = 3C5324B41DAD7AAD0012C611 /* BaseItem.swift */; };
		3C5324B91DAD85490012C611 /* MangaMenuItem.swift in Sources */ = {isa = PBXBuildFile; fileRef = 3C5324B81DAD85490012C611 /* MangaMenuItem.swift */; };
		3C5324BC1DAD88EC0012C611 /* Extensions.swift in Sources */ = {isa = PBXBuildFile; fileRef = 3C5324BB1DAD88EC0012C611 /* Extensions.swift */; };
		3C5324BF1DADA9530012C611 /* MenuBar.swift in Sources */ = {isa = PBXBuildFile; fileRef = 3C5324BE1DADA9530012C611 /* MenuBar.swift */; };
		3C5324C11DADDBB70012C611 /* XLPagerTabStrip.framework in Frameworks */ = {isa = PBXBuildFile; fileRef = 3C5324C01DADDBB70012C611 /* XLPagerTabStrip.framework */; };
		3CF526171DAF3ED10062306A /* ChildExampleViewController.swift in Sources */ = {isa = PBXBuildFile; fileRef = 3CF526161DAF3ED10062306A /* ChildExampleViewController.swift */; };
		3CF526191DC2D9210062306A /* LatestMangaViewController.swift in Sources */ = {isa = PBXBuildFile; fileRef = 3CF526181DC2D9210062306A /* LatestMangaViewController.swift */; };
		3CF5261B1DC2E2F10062306A /* MangaMenuItemCell.swift in Sources */ = {isa = PBXBuildFile; fileRef = 3CF5261A1DC2E2F10062306A /* MangaMenuItemCell.swift */; };
		3CF5261D1DC2E3E00062306A /* BaseCell.swift in Sources */ = {isa = PBXBuildFile; fileRef = 3CF5261C1DC2E3E00062306A /* BaseCell.swift */; };
		E37EF90A1C718F45A5C93AED /* Pods_MangaViewer.framework in Frameworks */ = {isa = PBXBuildFile; fileRef = DCDFEC6554429E19FFBB1252 /* Pods_MangaViewer.framework */; };
/* End PBXBuildFile section */

/* Begin PBXFileReference section */
		2CCC04F7233D250D569D4CBA /* Pods-MangaViewer.debug.xcconfig */ = {isa = PBXFileReference; includeInIndex = 1; lastKnownFileType = text.xcconfig; name = "Pods-MangaViewer.debug.xcconfig"; path = "Pods/Target Support Files/Pods-MangaViewer/Pods-MangaViewer.debug.xcconfig"; sourceTree = "<group>"; };
		3C1366B61D9B64A300D11165 /* MangaViewer.app */ = {isa = PBXFileReference; explicitFileType = wrapper.application; includeInIndex = 0; path = MangaViewer.app; sourceTree = BUILT_PRODUCTS_DIR; };
		3C1366B91D9B64A300D11165 /* AppDelegate.swift */ = {isa = PBXFileReference; lastKnownFileType = sourcecode.swift; path = AppDelegate.swift; sourceTree = "<group>"; };
		3C1366BB1D9B64A300D11165 /* HomeViewController.swift */ = {isa = PBXFileReference; lastKnownFileType = sourcecode.swift; path = HomeViewController.swift; sourceTree = "<group>"; };
		3C1366BE1D9B64A300D11165 /* Base */ = {isa = PBXFileReference; lastKnownFileType = file.storyboard; name = Base; path = Base.lproj/Home.storyboard; sourceTree = "<group>"; };
		3C1366C01D9B64A300D11165 /* Assets.xcassets */ = {isa = PBXFileReference; lastKnownFileType = folder.assetcatalog; path = Assets.xcassets; sourceTree = "<group>"; };
		3C1366C31D9B64A300D11165 /* Base */ = {isa = PBXFileReference; lastKnownFileType = file.storyboard; name = Base; path = Base.lproj/LaunchScreen.storyboard; sourceTree = "<group>"; };
		3C1366C51D9B64A300D11165 /* Info.plist */ = {isa = PBXFileReference; lastKnownFileType = text.plist.xml; path = Info.plist; sourceTree = "<group>"; };
		3C5324B41DAD7AAD0012C611 /* BaseItem.swift */ = {isa = PBXFileReference; fileEncoding = 4; lastKnownFileType = sourcecode.swift; path = BaseItem.swift; sourceTree = "<group>"; };
		3C5324B81DAD85490012C611 /* MangaMenuItem.swift */ = {isa = PBXFileReference; fileEncoding = 4; lastKnownFileType = sourcecode.swift; path = MangaMenuItem.swift; sourceTree = "<group>"; };
		3C5324BB1DAD88EC0012C611 /* Extensions.swift */ = {isa = PBXFileReference; fileEncoding = 4; lastKnownFileType = sourcecode.swift; path = Extensions.swift; sourceTree = "<group>"; };
		3C5324BE1DADA9530012C611 /* MenuBar.swift */ = {isa = PBXFileReference; fileEncoding = 4; lastKnownFileType = sourcecode.swift; path = MenuBar.swift; sourceTree = "<group>"; };
		3C5324C01DADDBB70012C611 /* XLPagerTabStrip.framework */ = {isa = PBXFileReference; lastKnownFileType = wrapper.framework; name = XLPagerTabStrip.framework; path = "../../../../Library/Developer/Xcode/DerivedData/MangaViewer-heccelbuctkhtcbbginpftpjwuvw/Build/Products/Debug-iphonesimulator/XLPagerTabStrip/XLPagerTabStrip.framework"; sourceTree = "<group>"; };
		3CF526161DAF3ED10062306A /* ChildExampleViewController.swift */ = {isa = PBXFileReference; fileEncoding = 4; lastKnownFileType = sourcecode.swift; path = ChildExampleViewController.swift; sourceTree = "<group>"; };
		3CF526181DC2D9210062306A /* LatestMangaViewController.swift */ = {isa = PBXFileReference; fileEncoding = 4; lastKnownFileType = sourcecode.swift; path = LatestMangaViewController.swift; sourceTree = "<group>"; };
		3CF5261A1DC2E2F10062306A /* MangaMenuItemCell.swift */ = {isa = PBXFileReference; fileEncoding = 4; lastKnownFileType = sourcecode.swift; path = MangaMenuItemCell.swift; sourceTree = "<group>"; };
		3CF5261C1DC2E3E00062306A /* BaseCell.swift */ = {isa = PBXFileReference; fileEncoding = 4; lastKnownFileType = sourcecode.swift; path = BaseCell.swift; sourceTree = "<group>"; };
		5C36A5774E975D60BBDA6AFE /* Pods-MangaViewer.release.xcconfig */ = {isa = PBXFileReference; includeInIndex = 1; lastKnownFileType = text.xcconfig; name = "Pods-MangaViewer.release.xcconfig"; path = "Pods/Target Support Files/Pods-MangaViewer/Pods-MangaViewer.release.xcconfig"; sourceTree = "<group>"; };
		DCDFEC6554429E19FFBB1252 /* Pods_MangaViewer.framework */ = {isa = PBXFileReference; explicitFileType = wrapper.framework; includeInIndex = 0; path = Pods_MangaViewer.framework; sourceTree = BUILT_PRODUCTS_DIR; };
/* End PBXFileReference section */

/* Begin PBXFrameworksBuildPhase section */
		3C1366B31D9B64A300D11165 /* Frameworks */ = {
			isa = PBXFrameworksBuildPhase;
			buildActionMask = 2147483647;
			files = (
				3C5324C11DADDBB70012C611 /* XLPagerTabStrip.framework in Frameworks */,
				E37EF90A1C718F45A5C93AED /* Pods_MangaViewer.framework in Frameworks */,
			);
			runOnlyForDeploymentPostprocessing = 0;
		};
/* End PBXFrameworksBuildPhase section */

/* Begin PBXGroup section */
		02B87D5CCDD832A43717253C /* Pods */ = {
			isa = PBXGroup;
			children = (
				2CCC04F7233D250D569D4CBA /* Pods-MangaViewer.debug.xcconfig */,
				5C36A5774E975D60BBDA6AFE /* Pods-MangaViewer.release.xcconfig */,
			);
			name = Pods;
			sourceTree = "<group>";
		};
		3C1366AD1D9B64A300D11165 = {
			isa = PBXGroup;
			children = (
				C185CD4C77C0742670F30228 /* Frameworks */,
				3C1366B81D9B64A300D11165 /* MangaViewer */,
				02B87D5CCDD832A43717253C /* Pods */,
				3C1366B71D9B64A300D11165 /* Products */,
			);
			sourceTree = "<group>";
		};
		3C1366B71D9B64A300D11165 /* Products */ = {
			isa = PBXGroup;
			children = (
				3C1366B61D9B64A300D11165 /* MangaViewer.app */,
			);
			name = Products;
			sourceTree = "<group>";
		};
		3C1366B81D9B64A300D11165 /* MangaViewer */ = {
			isa = PBXGroup;
			children = (
				3C5324BD1DADA9350012C611 /* component */,
				3C5324BA1DAD88C20012C611 /* extension */,
				3C5324B21DAD7A340012C611 /* helper */,
				3C5324B11DAD7A2A0012C611 /* model */,
				3C5324B61DAD7F360012C611 /* storyboard */,
				3C5324B71DAD7F720012C611 /* viewcontroller */,
				3C5324B31DAD7A630012C611 /* viewmodel */,
				3C1366B91D9B64A300D11165 /* AppDelegate.swift */,
				3C1366C01D9B64A300D11165 /* Assets.xcassets */,
				3C1366C51D9B64A300D11165 /* Info.plist */,
			);
			path = MangaViewer;
			sourceTree = "<group>";
		};
		3C5324B11DAD7A2A0012C611 /* model */ = {
			isa = PBXGroup;
			children = (
				3C5324B41DAD7AAD0012C611 /* BaseItem.swift */,
				3C5324B81DAD85490012C611 /* MangaMenuItem.swift */,
			);
			path = model;
			sourceTree = "<group>";
		};
		3C5324B21DAD7A340012C611 /* helper */ = {
			isa = PBXGroup;
			children = (
			);
			path = helper;
			sourceTree = "<group>";
		};
		3C5324B31DAD7A630012C611 /* viewmodel */ = {
			isa = PBXGroup;
			children = (
			);
			path = viewmodel;
			sourceTree = "<group>";
		};
		3C5324B61DAD7F360012C611 /* storyboard */ = {
			isa = PBXGroup;
			children = (
				3C1366BD1D9B64A300D11165 /* Home.storyboard */,
				3C1366C21D9B64A300D11165 /* LaunchScreen.storyboard */,
			);
			path = storyboard;
			sourceTree = "<group>";
		};
		3C5324B71DAD7F720012C611 /* viewcontroller */ = {
			isa = PBXGroup;
			children = (
				3CF526161DAF3ED10062306A /* ChildExampleViewController.swift */,
				3C1366BB1D9B64A300D11165 /* HomeViewController.swift */,
				3CF526181DC2D9210062306A /* LatestMangaViewController.swift */,
			);
			path = viewcontroller;
			sourceTree = "<group>";
		};
		3C5324BA1DAD88C20012C611 /* extension */ = {
			isa = PBXGroup;
			children = (
				3C5324BB1DAD88EC0012C611 /* Extensions.swift */,
			);
			path = extension;
			sourceTree = "<group>";
		};
		3C5324BD1DADA9350012C611 /* component */ = {
			isa = PBXGroup;
			children = (
				3CF5261C1DC2E3E00062306A /* BaseCell.swift */,
				3CF5261A1DC2E2F10062306A /* MangaMenuItemCell.swift */,
				3C5324BE1DADA9530012C611 /* MenuBar.swift */,
			);
			path = component;
			sourceTree = "<group>";
		};
		C185CD4C77C0742670F30228 /* Frameworks */ = {
			isa = PBXGroup;
			children = (
				3C5324C01DADDBB70012C611 /* XLPagerTabStrip.framework */,
				DCDFEC6554429E19FFBB1252 /* Pods_MangaViewer.framework */,
			);
			name = Frameworks;
			sourceTree = "<group>";
		};
/* End PBXGroup section */

/* Begin PBXNativeTarget section */
		3C1366B51D9B64A300D11165 /* MangaViewer */ = {
			isa = PBXNativeTarget;
			buildConfigurationList = 3C1366C81D9B64A300D11165 /* Build configuration list for PBXNativeTarget "MangaViewer" */;
			buildPhases = (
				79DB2D20BBBD1BC56C60A992 /* [CP] Check Pods Manifest.lock */,
				3C1366B21D9B64A300D11165 /* Sources */,
				3C1366B31D9B64A300D11165 /* Frameworks */,
				3C1366B41D9B64A300D11165 /* Resources */,
				4A1DC23554D1A339DCD692B1 /* [CP] Embed Pods Frameworks */,
				4092CA31460EB733198499D2 /* [CP] Copy Pods Resources */,
			);
			buildRules = (
			);
			dependencies = (
			);
			name = MangaViewer;
			productName = MangaViewer;
			productReference = 3C1366B61D9B64A300D11165 /* MangaViewer.app */;
			productType = "com.apple.product-type.application";
		};
/* End PBXNativeTarget section */

/* Begin PBXProject section */
		3C1366AE1D9B64A300D11165 /* Project object */ = {
			isa = PBXProject;
			attributes = {
				LastSwiftUpdateCheck = 0730;
				LastUpgradeCheck = 0730;
				ORGANIZATIONNAME = king;
				TargetAttributes = {
					3C1366B51D9B64A300D11165 = {
						CreatedOnToolsVersion = 7.3.1;
					};
				};
			};
			buildConfigurationList = 3C1366B11D9B64A300D11165 /* Build configuration list for PBXProject "MangaViewer" */;
			compatibilityVersion = "Xcode 3.2";
			developmentRegion = English;
			hasScannedForEncodings = 0;
			knownRegions = (
				en,
				Base,
			);
			mainGroup = 3C1366AD1D9B64A300D11165;
			productRefGroup = 3C1366B71D9B64A300D11165 /* Products */;
			projectDirPath = "";
			projectRoot = "";
			targets = (
				3C1366B51D9B64A300D11165 /* MangaViewer */,
			);
		};
/* End PBXProject section */

/* Begin PBXResourcesBuildPhase section */
		3C1366B41D9B64A300D11165 /* Resources */ = {
			isa = PBXResourcesBuildPhase;
			buildActionMask = 2147483647;
			files = (
				3C1366C41D9B64A300D11165 /* LaunchScreen.storyboard in Resources */,
				3C1366C11D9B64A300D11165 /* Assets.xcassets in Resources */,
				3C1366BF1D9B64A300D11165 /* Home.storyboard in Resources */,
			);
			runOnlyForDeploymentPostprocessing = 0;
		};
/* End PBXResourcesBuildPhase section */

/* Begin PBXShellScriptBuildPhase section */
		4092CA31460EB733198499D2 /* [CP] Copy Pods Resources */ = {
			isa = PBXShellScriptBuildPhase;
			buildActionMask = 2147483647;
			files = (
			);
			inputPaths = (
			);
			name = "[CP] Copy Pods Resources";
			outputPaths = (
			);
			runOnlyForDeploymentPostprocessing = 0;
			shellPath = /bin/sh;
			shellScript = "\"${SRCROOT}/Pods/Target Support Files/Pods-MangaViewer/Pods-MangaViewer-resources.sh\"\n";
			showEnvVarsInLog = 0;
		};
		4A1DC23554D1A339DCD692B1 /* [CP] Embed Pods Frameworks */ = {
			isa = PBXShellScriptBuildPhase;
			buildActionMask = 2147483647;
			files = (
			);
			inputPaths = (
			);
			name = "[CP] Embed Pods Frameworks";
			outputPaths = (
			);
			runOnlyForDeploymentPostprocessing = 0;
			shellPath = /bin/sh;
			shellScript = "\"${SRCROOT}/Pods/Target Support Files/Pods-MangaViewer/Pods-MangaViewer-frameworks.sh\"\n";
			showEnvVarsInLog = 0;
		};
		79DB2D20BBBD1BC56C60A992 /* [CP] Check Pods Manifest.lock */ = {
			isa = PBXShellScriptBuildPhase;
			buildActionMask = 2147483647;
			files = (
			);
			inputPaths = (
			);
			name = "[CP] Check Pods Manifest.lock";
			outputPaths = (
			);
			runOnlyForDeploymentPostprocessing = 0;
			shellPath = /bin/sh;
			shellScript = "diff \"${PODS_ROOT}/../Podfile.lock\" \"${PODS_ROOT}/Manifest.lock\" > /dev/null\nif [ $? != 0 ] ; then\n    # print error to STDERR\n    echo \"error: The sandbox is not in sync with the Podfile.lock. Run 'pod install' or update your CocoaPods installation.\" >&2\n    exit 1\nfi\n";
			showEnvVarsInLog = 0;
		};
/* End PBXShellScriptBuildPhase section */

/* Begin PBXSourcesBuildPhase section */
		3C1366B21D9B64A300D11165 /* Sources */ = {
			isa = PBXSourcesBuildPhase;
			buildActionMask = 2147483647;
			files = (
				3C5324BC1DAD88EC0012C611 /* Extensions.swift in Sources */,
				3C1366BC1D9B64A300D11165 /* HomeViewController.swift in Sources */,
				3CF526191DC2D9210062306A /* LatestMangaViewController.swift in Sources */,
				3CF526171DAF3ED10062306A /* ChildExampleViewController.swift in Sources */,
				3C5324BF1DADA9530012C611 /* MenuBar.swift in Sources */,
				3C5324B51DAD7AAD0012C611 /* BaseItem.swift in Sources */,
				3C5324B91DAD85490012C611 /* MangaMenuItem.swift in Sources */,
				3CF5261B1DC2E2F10062306A /* MangaMenuItemCell.swift in Sources */,
				3CF5261D1DC2E3E00062306A /* BaseCell.swift in Sources */,
				3C1366BA1D9B64A300D11165 /* AppDelegate.swift in Sources */,
			);
			runOnlyForDeploymentPostprocessing = 0;
		};
/* End PBXSourcesBuildPhase section */

/* Begin PBXVariantGroup section */
		3C1366BD1D9B64A300D11165 /* Home.storyboard */ = {
			isa = PBXVariantGroup;
			children = (
				3C1366BE1D9B64A300D11165 /* Base */,
			);
			name = Home.storyboard;
			path = .;
			sourceTree = "<group>";
		};
		3C1366C21D9B64A300D11165 /* LaunchScreen.storyboard */ = {
			isa = PBXVariantGroup;
			children = (
				3C1366C31D9B64A300D11165 /* Base */,
			);
			name = LaunchScreen.storyboard;
			path = .;
			sourceTree = "<group>";
		};
/* End PBXVariantGroup section */

/* Begin XCBuildConfiguration section */
		3C1366C61D9B64A300D11165 /* Debug */ = {
			isa = XCBuildConfiguration;
			buildSettings = {
				ALWAYS_SEARCH_USER_PATHS = NO;
				CLANG_ANALYZER_NONNULL = YES;
				CLANG_CXX_LANGUAGE_STANDARD = "gnu++0x";
				CLANG_CXX_LIBRARY = "libc++";
				CLANG_ENABLE_MODULES = YES;
				CLANG_ENABLE_OBJC_ARC = YES;
				CLANG_WARN_BOOL_CONVERSION = YES;
				CLANG_WARN_CONSTANT_CONVERSION = YES;
				CLANG_WARN_DIRECT_OBJC_ISA_USAGE = YES_ERROR;
				CLANG_WARN_EMPTY_BODY = YES;
				CLANG_WARN_ENUM_CONVERSION = YES;
				CLANG_WARN_INT_CONVERSION = YES;
				CLANG_WARN_OBJC_ROOT_CLASS = YES_ERROR;
				CLANG_WARN_UNREACHABLE_CODE = YES;
				CLANG_WARN__DUPLICATE_METHOD_MATCH = YES;
				"CODE_SIGN_IDENTITY[sdk=iphoneos*]" = "iPhone Developer";
				COPY_PHASE_STRIP = NO;
				DEBUG_INFORMATION_FORMAT = dwarf;
				ENABLE_STRICT_OBJC_MSGSEND = YES;
				ENABLE_TESTABILITY = YES;
				GCC_C_LANGUAGE_STANDARD = gnu99;
				GCC_DYNAMIC_NO_PIC = NO;
				GCC_NO_COMMON_BLOCKS = YES;
				GCC_OPTIMIZATION_LEVEL = 0;
				GCC_PREPROCESSOR_DEFINITIONS = (
					"DEBUG=1",
					"$(inherited)",
				);
				GCC_WARN_64_TO_32_BIT_CONVERSION = YES;
				GCC_WARN_ABOUT_RETURN_TYPE = YES_ERROR;
				GCC_WARN_UNDECLARED_SELECTOR = YES;
				GCC_WARN_UNINITIALIZED_AUTOS = YES_AGGRESSIVE;
				GCC_WARN_UNUSED_FUNCTION = YES;
				GCC_WARN_UNUSED_VARIABLE = YES;
				IPHONEOS_DEPLOYMENT_TARGET = 9.3;
				MTL_ENABLE_DEBUG_INFO = YES;
				ONLY_ACTIVE_ARCH = YES;
				SDKROOT = iphoneos;
				SWIFT_OPTIMIZATION_LEVEL = "-Onone";
			};
			name = Debug;
		};
		3C1366C71D9B64A300D11165 /* Release */ = {
			isa = XCBuildConfiguration;
			buildSettings = {
				ALWAYS_SEARCH_USER_PATHS = NO;
				CLANG_ANALYZER_NONNULL = YES;
				CLANG_CXX_LANGUAGE_STANDARD = "gnu++0x";
				CLANG_CXX_LIBRARY = "libc++";
				CLANG_ENABLE_MODULES = YES;
				CLANG_ENABLE_OBJC_ARC = YES;
				CLANG_WARN_BOOL_CONVERSION = YES;
				CLANG_WARN_CONSTANT_CONVERSION = YES;
				CLANG_WARN_DIRECT_OBJC_ISA_USAGE = YES_ERROR;
				CLANG_WARN_EMPTY_BODY = YES;
				CLANG_WARN_ENUM_CONVERSION = YES;
				CLANG_WARN_INT_CONVERSION = YES;
				CLANG_WARN_OBJC_ROOT_CLASS = YES_ERROR;
				CLANG_WARN_UNREACHABLE_CODE = YES;
				CLANG_WARN__DUPLICATE_METHOD_MATCH = YES;
				"CODE_SIGN_IDENTITY[sdk=iphoneos*]" = "iPhone Developer";
				COPY_PHASE_STRIP = NO;
				DEBUG_INFORMATION_FORMAT = "dwarf-with-dsym";
				ENABLE_NS_ASSERTIONS = NO;
				ENABLE_STRICT_OBJC_MSGSEND = YES;
				GCC_C_LANGUAGE_STANDARD = gnu99;
				GCC_NO_COMMON_BLOCKS = YES;
				GCC_WARN_64_TO_32_BIT_CONVERSION = YES;
				GCC_WARN_ABOUT_RETURN_TYPE = YES_ERROR;
				GCC_WARN_UNDECLARED_SELECTOR = YES;
				GCC_WARN_UNINITIALIZED_AUTOS = YES_AGGRESSIVE;
				GCC_WARN_UNUSED_FUNCTION = YES;
				GCC_WARN_UNUSED_VARIABLE = YES;
				IPHONEOS_DEPLOYMENT_TARGET = 9.3;
				MTL_ENABLE_DEBUG_INFO = NO;
				SDKROOT = iphoneos;
				VALIDATE_PRODUCT = YES;
			};
			name = Release;
		};
		3C1366C91D9B64A300D11165 /* Debug */ = {
			isa = XCBuildConfiguration;
			baseConfigurationReference = 2CCC04F7233D250D569D4CBA /* Pods-MangaViewer.debug.xcconfig */;
			buildSettings = {
				ASSETCATALOG_COMPILER_APPICON_NAME = AppIcon;
				INFOPLIST_FILE = MangaViewer/Info.plist;
				LD_RUNPATH_SEARCH_PATHS = "$(inherited) @executable_path/Frameworks";
				PRODUCT_BUNDLE_IDENTIFIER = com.king.MangaViewer;
				PRODUCT_NAME = "$(TARGET_NAME)";
			};
			name = Debug;
		};
		3C1366CA1D9B64A300D11165 /* Release */ = {
			isa = XCBuildConfiguration;
			baseConfigurationReference = 5C36A5774E975D60BBDA6AFE /* Pods-MangaViewer.release.xcconfig */;
			buildSettings = {
				ASSETCATALOG_COMPILER_APPICON_NAME = AppIcon;
				INFOPLIST_FILE = MangaViewer/Info.plist;
				LD_RUNPATH_SEARCH_PATHS = "$(inherited) @executable_path/Frameworks";
				PRODUCT_BUNDLE_IDENTIFIER = com.king.MangaViewer;
				PRODUCT_NAME = "$(TARGET_NAME)";
			};
			name = Release;
		};
/* End XCBuildConfiguration section */

/* Begin XCConfigurationList section */
		3C1366B11D9B64A300D11165 /* Build configuration list for PBXProject "MangaViewer" */ = {
			isa = XCConfigurationList;
			buildConfigurations = (
				3C1366C61D9B64A300D11165 /* Debug */,
				3C1366C71D9B64A300D11165 /* Release */,
			);
			defaultConfigurationIsVisible = 0;
			defaultConfigurationName = Release;
		};
		3C1366C81D9B64A300D11165 /* Build configuration list for PBXNativeTarget "MangaViewer" */ = {
			isa = XCConfigurationList;
			buildConfigurations = (
				3C1366C91D9B64A300D11165 /* Debug */,
				3C1366CA1D9B64A300D11165 /* Release */,
			);
			defaultConfigurationIsVisible = 0;
			defaultConfigurationName = Release;
		};
/* End XCConfigurationList section */
	};
	rootObject = 3C1366AE1D9B64A300D11165 /* Project object */;
}
